
Microsoft Visual Studio Solution File, Format Version 12.00
# Visual Studio 2013
VisualStudioVersion = 12.0.31101.0
MinimumVisualStudioVersion = 10.0.40219.1
Project("{FAE04EC0-301F-11D3-BF4B-00C04F79EFBC}") = "FeatureToggle.Presentation.Web", "FeatureToggle.Presentation.Web\FeatureToggle.Presentation.Web.csproj", "{223E12A5-FE28-4576-A970-6931D7E49DC5}"
	ProjectSection(ProjectDependencies) = postProject
		{F2479C35-9945-4928-9093-F47A63781CA8} = {F2479C35-9945-4928-9093-F47A63781CA8}
		{D55D7392-8027-4277-B57A-12F6C24F2688} = {D55D7392-8027-4277-B57A-12F6C24F2688}
		{DC32ABFE-4F11-4DC9-A4AD-D1A86C4E9F9E} = {DC32ABFE-4F11-4DC9-A4AD-D1A86C4E9F9E}
	EndProjectSection
EndProject
Project("{FAE04EC0-301F-11D3-BF4B-00C04F79EFBC}") = "FeatureToggle.Core", "FeatureToggle.Core\FeatureToggle.Core.csproj", "{6599004A-DAC0-452D-ACF7-4D1EEF36AED3}"
EndProject
Project("{FAE04EC0-301F-11D3-BF4B-00C04F79EFBC}") = "FeatureToggle.Lib.WelcomeService.Friendly", "FeatureToggle.Lib.WelcomeService.Friendly\FeatureToggle.Lib.WelcomeService.Friendly.csproj", "{F2479C35-9945-4928-9093-F47A63781CA8}"
EndProject
Project("{FAE04EC0-301F-11D3-BF4B-00C04F79EFBC}") = "FeatureToggle.Lib.WelcomeService.Professional", "FeatureToggle.Lib.WelcomeService.Professional\FeatureToggle.Lib.WelcomeService.Professional.csproj", "{D55D7392-8027-4277-B57A-12F6C24F2688}"
EndProject
Project("{FAE04EC0-301F-11D3-BF4B-00C04F79EFBC}") = "FeatureToggle.Lib.Services", "FeatureToggle.Lib.Services\FeatureToggle.Lib.Services.csproj", "{DC32ABFE-4F11-4DC9-A4AD-D1A86C4E9F9E}"
EndProject
Global
	GlobalSection(SolutionConfigurationPlatforms) = preSolution
		ClientOne|Any CPU = ClientOne|Any CPU
		ClientTwo|Any CPU = ClientTwo|Any CPU
		Debug|Any CPU = Debug|Any CPU
		Release|Any CPU = Release|Any CPU
	EndGlobalSection
	GlobalSection(ProjectConfigurationPlatforms) = postSolution
		{223E12A5-FE28-4576-A970-6931D7E49DC5}.ClientOne|Any CPU.ActiveCfg = ClientOne|Any CPU
		{223E12A5-FE28-4576-A970-6931D7E49DC5}.ClientOne|Any CPU.Build.0 = ClientOne|Any CPU
		{223E12A5-FE28-4576-A970-6931D7E49DC5}.ClientTwo|Any CPU.ActiveCfg = ClientTwo|Any CPU
		{223E12A5-FE28-4576-A970-6931D7E49DC5}.ClientTwo|Any CPU.Build.0 = ClientTwo|Any CPU
		{223E12A5-FE28-4576-A970-6931D7E49DC5}.Debug|Any CPU.ActiveCfg = Debug|Any CPU
		{223E12A5-FE28-4576-A970-6931D7E49DC5}.Debug|Any CPU.Build.0 = Debug|Any CPU
		{223E12A5-FE28-4576-A970-6931D7E49DC5}.Release|Any CPU.ActiveCfg = Release|Any CPU
		{223E12A5-FE28-4576-A970-6931D7E49DC5}.Release|Any CPU.Build.0 = Release|Any CPU
		{6599004A-DAC0-452D-ACF7-4D1EEF36AED3}.ClientOne|Any CPU.ActiveCfg = Release|Any CPU
		{6599004A-DAC0-452D-ACF7-4D1EEF36AED3}.ClientOne|Any CPU.Build.0 = Release|Any CPU
		{6599004A-DAC0-452D-ACF7-4D1EEF36AED3}.ClientTwo|Any CPU.ActiveCfg = Release|Any CPU
		{6599004A-DAC0-452D-ACF7-4D1EEF36AED3}.ClientTwo|Any CPU.Build.0 = Release|Any CPU
		{6599004A-DAC0-452D-ACF7-4D1EEF36AED3}.Debug|Any CPU.ActiveCfg = Debug|Any CPU
		{6599004A-DAC0-452D-ACF7-4D1EEF36AED3}.Debug|Any CPU.Build.0 = Debug|Any CPU
		{6599004A-DAC0-452D-ACF7-4D1EEF36AED3}.Release|Any CPU.ActiveCfg = Release|Any CPU
		{6599004A-DAC0-452D-ACF7-4D1EEF36AED3}.Release|Any CPU.Build.0 = Release|Any CPU
		{F2479C35-9945-4928-9093-F47A63781CA8}.ClientOne|Any CPU.ActiveCfg = Release|Any CPU
		{F2479C35-9945-4928-9093-F47A63781CA8}.ClientOne|Any CPU.Build.0 = Release|Any CPU
		{F2479C35-9945-4928-9093-F47A63781CA8}.ClientTwo|Any CPU.ActiveCfg = Release|Any CPU
		{F2479C35-9945-4928-9093-F47A63781CA8}.ClientTwo|Any CPU.Build.0 = Release|Any CPU
		{F2479C35-9945-4928-9093-F47A63781CA8}.Debug|Any CPU.ActiveCfg = Debug|Any CPU
		{F2479C35-9945-4928-9093-F47A63781CA8}.Debug|Any CPU.Build.0 = Debug|Any CPU
		{F2479C35-9945-4928-9093-F47A63781CA8}.Release|Any CPU.ActiveCfg = Release|Any CPU
		{F2479C35-9945-4928-9093-F47A63781CA8}.Release|Any CPU.Build.0 = Release|Any CPU
		{D55D7392-8027-4277-B57A-12F6C24F2688}.ClientOne|Any CPU.ActiveCfg = Release|Any CPU
		{D55D7392-8027-4277-B57A-12F6C24F2688}.ClientOne|Any CPU.Build.0 = Release|Any CPU
		{D55D7392-8027-4277-B57A-12F6C24F2688}.ClientTwo|Any CPU.ActiveCfg = Release|Any CPU
		{D55D7392-8027-4277-B57A-12F6C24F2688}.ClientTwo|Any CPU.Build.0 = Release|Any CPU
		{D55D7392-8027-4277-B57A-12F6C24F2688}.Debug|Any CPU.ActiveCfg = Debug|Any CPU
		{D55D7392-8027-4277-B57A-12F6C24F2688}.Debug|Any CPU.Build.0 = Debug|Any CPU
		{D55D7392-8027-4277-B57A-12F6C24F2688}.Release|Any CPU.ActiveCfg = Release|Any CPU
		{D55D7392-8027-4277-B57A-12F6C24F2688}.Release|Any CPU.Build.0 = Release|Any CPU
		{DC32ABFE-4F11-4DC9-A4AD-D1A86C4E9F9E}.ClientOne|Any CPU.ActiveCfg = Release|Any CPU
		{DC32ABFE-4F11-4DC9-A4AD-D1A86C4E9F9E}.ClientOne|Any CPU.Build.0 = Release|Any CPU
		{DC32ABFE-4F11-4DC9-A4AD-D1A86C4E9F9E}.ClientTwo|Any CPU.ActiveCfg = Release|Any CPU
		{DC32ABFE-4F11-4DC9-A4AD-D1A86C4E9F9E}.ClientTwo|Any CPU.Build.0 = Release|Any CPU
		{DC32ABFE-4F11-4DC9-A4AD-D1A86C4E9F9E}.Debug|Any CPU.ActiveCfg = Debug|Any CPU
		{DC32ABFE-4F11-4DC9-A4AD-D1A86C4E9F9E}.Debug|Any CPU.Build.0 = Debug|Any CPU
		{DC32ABFE-4F11-4DC9-A4AD-D1A86C4E9F9E}.Release|Any CPU.ActiveCfg = Release|Any CPU
		{DC32ABFE-4F11-4DC9-A4AD-D1A86C4E9F9E}.Release|Any CPU.Build.0 = Release|Any CPU
	EndGlobalSection
	GlobalSection(SolutionProperties) = preSolution
		HideSolutionNode = FALSE
	EndGlobalSection
EndGlobal
